
Microsoft Visual Studio Solution File, Format Version 12.00
# Visual Studio 15
VisualStudioVersion = 15.0.27703.2035
MinimumVisualStudioVersion = 10.0.40219.1
Project("{9A19103F-16F7-4668-BE54-9A1E7A4F7556}") = "ChendanKelly", "ChendanKelly\ChendanKelly.csproj", "{748E4BCD-6507-4184-A085-69D0FB19B3D6}"
EndProject
Project("{2150E333-8FDC-42A3-9474-1A3956D46DE8}") = "Docker", "Docker", "{CD3F0956-9213-4084-B4E0-3A43924C16F3}"
	ProjectSection(SolutionItems) = preProject
		.dockerignore = .dockerignore
		Dockerfile = Dockerfile
	EndProjectSection
EndProject
Global
	GlobalSection(SolutionConfigurationPlatforms) = preSolution
		Debug|Any CPU = Debug|Any CPU
		Release|Any CPU = Release|Any CPU
	EndGlobalSection
	GlobalSection(ProjectConfigurationPlatforms) = postSolution
		{748E4BCD-6507-4184-A085-69D0FB19B3D6}.Debug|Any CPU.ActiveCfg = Debug|Any CPU
		{748E4BCD-6507-4184-A085-69D0FB19B3D6}.Debug|Any CPU.Build.0 = Debug|Any CPU
		{748E4BCD-6507-4184-A085-69D0FB19B3D6}.Release|Any CPU.ActiveCfg = Release|Any CPU
		{748E4BCD-6507-4184-A085-69D0FB19B3D6}.Release|Any CPU.Build.0 = Release|Any CPU
	EndGlobalSection
	GlobalSection(SolutionProperties) = preSolution
		HideSolutionNode = FALSE
	EndGlobalSection
	GlobalSection(ExtensibilityGlobals) = postSolution
		SolutionGuid = {20244B65-ED5A-4535-A32D-BAF25E93A0DA}
	EndGlobalSection
EndGlobal
